// !$*UTF8*$!
{
	archiveVersion = 1;
	classes = {
	};
	objectVersion = 55;
	objects = {

/* Begin PBXBuildFile section */
		6F24EE1928C3024C0018E59B /* AppDelegate.swift in Sources */ = {isa = PBXBuildFile; fileRef = 6F24EE1828C3024C0018E59B /* AppDelegate.swift */; };
		6F24EE1B28C3024C0018E59B /* ContentView.swift in Sources */ = {isa = PBXBuildFile; fileRef = 6F24EE1A28C3024C0018E59B /* ContentView.swift */; };
		6F24EE1F28C302540018E59B /* Assets.xcassets in Resources */ = {isa = PBXBuildFile; fileRef = 6F24EE1E28C302540018E59B /* Assets.xcassets */; };
		6F24EE2228C302540018E59B /* Preview Assets.xcassets in Resources */ = {isa = PBXBuildFile; fileRef = 6F24EE2128C302540018E59B /* Preview Assets.xcassets */; };
		6FC83AF228C3C89E00ACCC8A /* FocusEntity in Frameworks */ = {isa = PBXBuildFile; productRef = 6FC83AF128C3C89E00ACCC8A /* FocusEntity */; };
		6FC83AF528C45B7D00ACCC8A /* ARCustomView.swift in Sources */ = {isa = PBXBuildFile; fileRef = 6FC83AF428C45B7D00ACCC8A /* ARCustomView.swift */; };
		6FC83AF728C4601100ACCC8A /* VisualizerView.swift in Sources */ = {isa = PBXBuildFile; fileRef = 6FC83AF628C4601100ACCC8A /* VisualizerView.swift */; };
		6FC83AF928C4613300ACCC8A /* HomeView.swift in Sources */ = {isa = PBXBuildFile; fileRef = 6FC83AF828C4613300ACCC8A /* HomeView.swift */; };
		6FC83AFB28C4615200ACCC8A /* CalculatorView.swift in Sources */ = {isa = PBXBuildFile; fileRef = 6FC83AFA28C4615200ACCC8A /* CalculatorView.swift */; };
		6FC83AFF28C4664600ACCC8A /* LearnMoreView.swift in Sources */ = {isa = PBXBuildFile; fileRef = 6FC83AFE28C4664600ACCC8A /* LearnMoreView.swift */; };
		6FDAF4F028C50B15003D73D4 /* Localizable.strings in Resources */ = {isa = PBXBuildFile; fileRef = 6FDAF4F228C50B15003D73D4 /* Localizable.strings */; };
/* End PBXBuildFile section */

/* Begin PBXFileReference section */
		6F24EE1528C3024C0018E59B /* CarbonVisualizer.app */ = {isa = PBXFileReference; explicitFileType = wrapper.application; includeInIndex = 0; path = CarbonVisualizer.app; sourceTree = BUILT_PRODUCTS_DIR; };
		6F24EE1828C3024C0018E59B /* AppDelegate.swift */ = {isa = PBXFileReference; lastKnownFileType = sourcecode.swift; path = AppDelegate.swift; sourceTree = "<group>"; };
		6F24EE1A28C3024C0018E59B /* ContentView.swift */ = {isa = PBXFileReference; lastKnownFileType = sourcecode.swift; path = ContentView.swift; sourceTree = "<group>"; };
		6F24EE1E28C302540018E59B /* Assets.xcassets */ = {isa = PBXFileReference; lastKnownFileType = folder.assetcatalog; path = Assets.xcassets; sourceTree = "<group>"; };
		6F24EE2128C302540018E59B /* Preview Assets.xcassets */ = {isa = PBXFileReference; lastKnownFileType = folder.assetcatalog; path = "Preview Assets.xcassets"; sourceTree = "<group>"; };
		6FC83AF428C45B7D00ACCC8A /* ARCustomView.swift */ = {isa = PBXFileReference; lastKnownFileType = sourcecode.swift; path = ARCustomView.swift; sourceTree = "<group>"; };
		6FC83AF628C4601100ACCC8A /* VisualizerView.swift */ = {isa = PBXFileReference; lastKnownFileType = sourcecode.swift; path = VisualizerView.swift; sourceTree = "<group>"; };
		6FC83AF828C4613300ACCC8A /* HomeView.swift */ = {isa = PBXFileReference; lastKnownFileType = sourcecode.swift; path = HomeView.swift; sourceTree = "<group>"; };
		6FC83AFA28C4615200ACCC8A /* CalculatorView.swift */ = {isa = PBXFileReference; lastKnownFileType = sourcecode.swift; path = CalculatorView.swift; sourceTree = "<group>"; };
		6FC83AFE28C4664600ACCC8A /* LearnMoreView.swift */ = {isa = PBXFileReference; lastKnownFileType = sourcecode.swift; path = LearnMoreView.swift; sourceTree = "<group>"; };
		6FDAF4F128C50B15003D73D4 /* en */ = {isa = PBXFileReference; lastKnownFileType = text.plist.strings; name = en; path = en.lproj/Localizable.strings; sourceTree = "<group>"; };
		6FDAF4F328C50B17003D73D4 /* zh-HK */ = {isa = PBXFileReference; lastKnownFileType = text.plist.strings; name = "zh-HK"; path = "zh-HK.lproj/Localizable.strings"; sourceTree = "<group>"; };
		6FDAF4F428C50B18003D73D4 /* zh-Hans */ = {isa = PBXFileReference; lastKnownFileType = text.plist.strings; name = "zh-Hans"; path = "zh-Hans.lproj/Localizable.strings"; sourceTree = "<group>"; };
		6FDAF4F528C50B19003D73D4 /* zh-Hant */ = {isa = PBXFileReference; lastKnownFileType = text.plist.strings; name = "zh-Hant"; path = "zh-Hant.lproj/Localizable.strings"; sourceTree = "<group>"; };
/* End PBXFileReference section */

/* Begin PBXFrameworksBuildPhase section */
		6F24EE1228C3024C0018E59B /* Frameworks */ = {
			isa = PBXFrameworksBuildPhase;
			buildActionMask = 2147483647;
			files = (
				6FC83AF228C3C89E00ACCC8A /* FocusEntity in Frameworks */,
			);
			runOnlyForDeploymentPostprocessing = 0;
		};
/* End PBXFrameworksBuildPhase section */

/* Begin PBXGroup section */
		6F24EE0C28C3024B0018E59B = {
			isa = PBXGroup;
			children = (
				6FDAF4F228C50B15003D73D4 /* Localizable.strings */,
				6F24EE1728C3024C0018E59B /* CarbonVisualizer */,
				6F24EE1628C3024C0018E59B /* Products */,
			);
			sourceTree = "<group>";
		};
		6F24EE1628C3024C0018E59B /* Products */ = {
			isa = PBXGroup;
			children = (
				6F24EE1528C3024C0018E59B /* CarbonVisualizer.app */,
			);
			name = Products;
			sourceTree = "<group>";
		};
		6F24EE1728C3024C0018E59B /* CarbonVisualizer */ = {
			isa = PBXGroup;
			children = (
				6F24EE1828C3024C0018E59B /* AppDelegate.swift */,
				6FC83AF328C45B5F00ACCC8A /* Views */,
				6F24EE1E28C302540018E59B /* Assets.xcassets */,
				6F24EE2028C302540018E59B /* Preview Content */,
			);
			path = CarbonVisualizer;
			sourceTree = "<group>";
		};
		6F24EE2028C302540018E59B /* Preview Content */ = {
			isa = PBXGroup;
			children = (
				6F24EE2128C302540018E59B /* Preview Assets.xcassets */,
			);
			path = "Preview Content";
			sourceTree = "<group>";
		};
		6FC83AF328C45B5F00ACCC8A /* Views */ = {
			isa = PBXGroup;
			children = (
				6F24EE1A28C3024C0018E59B /* ContentView.swift */,
				6FC83AF428C45B7D00ACCC8A /* ARCustomView.swift */,
				6FC83AF628C4601100ACCC8A /* VisualizerView.swift */,
				6FC83AF828C4613300ACCC8A /* HomeView.swift */,
				6FC83AFA28C4615200ACCC8A /* CalculatorView.swift */,
				6FC83AFE28C4664600ACCC8A /* LearnMoreView.swift */,
			);
			path = Views;
			sourceTree = "<group>";
		};
/* End PBXGroup section */

/* Begin PBXNativeTarget section */
		6F24EE1428C3024C0018E59B /* CarbonVisualizer */ = {
			isa = PBXNativeTarget;
			buildConfigurationList = 6F24EE2528C302540018E59B /* Build configuration list for PBXNativeTarget "CarbonVisualizer" */;
			buildPhases = (
				6F24EE1128C3024C0018E59B /* Sources */,
				6F24EE1228C3024C0018E59B /* Frameworks */,
				6F24EE1328C3024C0018E59B /* Resources */,
			);
			buildRules = (
			);
			dependencies = (
			);
			name = CarbonVisualizer;
			packageProductDependencies = (
				6FC83AF128C3C89E00ACCC8A /* FocusEntity */,
			);
			productName = CarbonVisualizer;
			productReference = 6F24EE1528C3024C0018E59B /* CarbonVisualizer.app */;
			productType = "com.apple.product-type.application";
		};
/* End PBXNativeTarget section */

/* Begin PBXProject section */
		6F24EE0D28C3024B0018E59B /* Project object */ = {
			isa = PBXProject;
			attributes = {
				BuildIndependentTargetsInParallel = 1;
				LastSwiftUpdateCheck = 1340;
				LastUpgradeCheck = 1340;
				TargetAttributes = {
					6F24EE1428C3024C0018E59B = {
						CreatedOnToolsVersion = 13.4.1;
					};
				};
			};
			buildConfigurationList = 6F24EE1028C3024C0018E59B /* Build configuration list for PBXProject "CarbonVisualizer" */;
			compatibilityVersion = "Xcode 13.0";
			developmentRegion = en;
			hasScannedForEncodings = 0;
			knownRegions = (
				en,
				Base,
				"zh-Hans",
				"zh-Hant",
				"zh-HK",
			);
			mainGroup = 6F24EE0C28C3024B0018E59B;
			packageReferences = (
				6FC83AF028C3C89E00ACCC8A /* XCRemoteSwiftPackageReference "FocusEntity" */,
			);
			productRefGroup = 6F24EE1628C3024C0018E59B /* Products */;
			projectDirPath = "";
			projectRoot = "";
			targets = (
				6F24EE1428C3024C0018E59B /* CarbonVisualizer */,
			);
		};
/* End PBXProject section */

/* Begin PBXResourcesBuildPhase section */
		6F24EE1328C3024C0018E59B /* Resources */ = {
			isa = PBXResourcesBuildPhase;
			buildActionMask = 2147483647;
			files = (
				6F24EE2228C302540018E59B /* Preview Assets.xcassets in Resources */,
				6FDAF4F028C50B15003D73D4 /* Localizable.strings in Resources */,
				6F24EE1F28C302540018E59B /* Assets.xcassets in Resources */,
			);
			runOnlyForDeploymentPostprocessing = 0;
		};
/* End PBXResourcesBuildPhase section */

/* Begin PBXSourcesBuildPhase section */
		6F24EE1128C3024C0018E59B /* Sources */ = {
			isa = PBXSourcesBuildPhase;
			buildActionMask = 2147483647;
			files = (
				6FC83AF728C4601100ACCC8A /* VisualizerView.swift in Sources */,
				6F24EE1B28C3024C0018E59B /* ContentView.swift in Sources */,
				6FC83AFF28C4664600ACCC8A /* LearnMoreView.swift in Sources */,
				6F24EE1928C3024C0018E59B /* AppDelegate.swift in Sources */,
				6FC83AF928C4613300ACCC8A /* HomeView.swift in Sources */,
				6FC83AFB28C4615200ACCC8A /* CalculatorView.swift in Sources */,
				6FC83AF528C45B7D00ACCC8A /* ARCustomView.swift in Sources */,
			);
			runOnlyForDeploymentPostprocessing = 0;
		};
/* End PBXSourcesBuildPhase section */

/* Begin PBXVariantGroup section */
		6FDAF4F228C50B15003D73D4 /* Localizable.strings */ = {
			isa = PBXVariantGroup;
			children = (
				6FDAF4F128C50B15003D73D4 /* en */,
				6FDAF4F328C50B17003D73D4 /* zh-HK */,
				6FDAF4F428C50B18003D73D4 /* zh-Hans */,
				6FDAF4F528C50B19003D73D4 /* zh-Hant */,
			);
			name = Localizable.strings;
			sourceTree = "<group>";
		};
/* End PBXVariantGroup section */

/* Begin XCBuildConfiguration section */
		6F24EE2328C302540018E59B /* Debug */ = {
			isa = XCBuildConfiguration;
			buildSettings = {
				ALWAYS_SEARCH_USER_PATHS = NO;
				CLANG_ANALYZER_NONNULL = YES;
				CLANG_ANALYZER_NUMBER_OBJECT_CONVERSION = YES_AGGRESSIVE;
				CLANG_CXX_LANGUAGE_STANDARD = "gnu++17";
				CLANG_ENABLE_MODULES = YES;
				CLANG_ENABLE_OBJC_ARC = YES;
				CLANG_ENABLE_OBJC_WEAK = YES;
				CLANG_WARN_BLOCK_CAPTURE_AUTORELEASING = YES;
				CLANG_WARN_BOOL_CONVERSION = YES;
				CLANG_WARN_COMMA = YES;
				CLANG_WARN_CONSTANT_CONVERSION = YES;
				CLANG_WARN_DEPRECATED_OBJC_IMPLEMENTATIONS = YES;
				CLANG_WARN_DIRECT_OBJC_ISA_USAGE = YES_ERROR;
				CLANG_WARN_DOCUMENTATION_COMMENTS = YES;
				CLANG_WARN_EMPTY_BODY = YES;
				CLANG_WARN_ENUM_CONVERSION = YES;
				CLANG_WARN_INFINITE_RECURSION = YES;
				CLANG_WARN_INT_CONVERSION = YES;
				CLANG_WARN_NON_LITERAL_NULL_CONVERSION = YES;
				CLANG_WARN_OBJC_IMPLICIT_RETAIN_SELF = YES;
				CLANG_WARN_OBJC_LITERAL_CONVERSION = YES;
				CLANG_WARN_OBJC_ROOT_CLASS = YES_ERROR;
				CLANG_WARN_QUOTED_INCLUDE_IN_FRAMEWORK_HEADER = YES;
				CLANG_WARN_RANGE_LOOP_ANALYSIS = YES;
				CLANG_WARN_STRICT_PROTOTYPES = YES;
				CLANG_WARN_SUSPICIOUS_MOVE = YES;
				CLANG_WARN_UNGUARDED_AVAILABILITY = YES_AGGRESSIVE;
				CLANG_WARN_UNREACHABLE_CODE = YES;
				CLANG_WARN__DUPLICATE_METHOD_MATCH = YES;
				COPY_PHASE_STRIP = NO;
				DEBUG_INFORMATION_FORMAT = dwarf;
				ENABLE_STRICT_OBJC_MSGSEND = YES;
				ENABLE_TESTABILITY = YES;
				GCC_C_LANGUAGE_STANDARD = gnu11;
				GCC_DYNAMIC_NO_PIC = NO;
				GCC_NO_COMMON_BLOCKS = YES;
				GCC_OPTIMIZATION_LEVEL = 0;
				GCC_PREPROCESSOR_DEFINITIONS = (
					"DEBUG=1",
					"$(inherited)",
				);
				GCC_WARN_64_TO_32_BIT_CONVERSION = YES;
				GCC_WARN_ABOUT_RETURN_TYPE = YES_ERROR;
				GCC_WARN_UNDECLARED_SELECTOR = YES;
				GCC_WARN_UNINITIALIZED_AUTOS = YES_AGGRESSIVE;
				GCC_WARN_UNUSED_FUNCTION = YES;
				GCC_WARN_UNUSED_VARIABLE = YES;
				IPHONEOS_DEPLOYMENT_TARGET = 15.5;
				MTL_ENABLE_DEBUG_INFO = INCLUDE_SOURCE;
				MTL_FAST_MATH = YES;
				ONLY_ACTIVE_ARCH = YES;
				SDKROOT = iphoneos;
				SWIFT_ACTIVE_COMPILATION_CONDITIONS = DEBUG;
				SWIFT_OPTIMIZATION_LEVEL = "-Onone";
			};
			name = Debug;
		};
		6F24EE2428C302540018E59B /* Release */ = {
			isa = XCBuildConfiguration;
			buildSettings = {
				ALWAYS_SEARCH_USER_PATHS = NO;
				CLANG_ANALYZER_NONNULL = YES;
				CLANG_ANALYZER_NUMBER_OBJECT_CONVERSION = YES_AGGRESSIVE;
				CLANG_CXX_LANGUAGE_STANDARD = "gnu++17";
				CLANG_ENABLE_MODULES = YES;
				CLANG_ENABLE_OBJC_ARC = YES;
				CLANG_ENABLE_OBJC_WEAK = YES;
				CLANG_WARN_BLOCK_CAPTURE_AUTORELEASING = YES;
				CLANG_WARN_BOOL_CONVERSION = YES;
				CLANG_WARN_COMMA = YES;
				CLANG_WARN_CONSTANT_CONVERSION = YES;
				CLANG_WARN_DEPRECATED_OBJC_IMPLEMENTATIONS = YES;
				CLANG_WARN_DIRECT_OBJC_ISA_USAGE = YES_ERROR;
				CLANG_WARN_DOCUMENTATION_COMMENTS = YES;
				CLANG_WARN_EMPTY_BODY = YES;
				CLANG_WARN_ENUM_CONVERSION = YES;
				CLANG_WARN_INFINITE_RECURSION = YES;
				CLANG_WARN_INT_CONVERSION = YES;
				CLANG_WARN_NON_LITERAL_NULL_CONVERSION = YES;
				CLANG_WARN_OBJC_IMPLICIT_RETAIN_SELF = YES;
				CLANG_WARN_OBJC_LITERAL_CONVERSION = YES;
				CLANG_WARN_OBJC_ROOT_CLASS = YES_ERROR;
				CLANG_WARN_QUOTED_INCLUDE_IN_FRAMEWORK_HEADER = YES;
				CLANG_WARN_RANGE_LOOP_ANALYSIS = YES;
				CLANG_WARN_STRICT_PROTOTYPES = YES;
				CLANG_WARN_SUSPICIOUS_MOVE = YES;
				CLANG_WARN_UNGUARDED_AVAILABILITY = YES_AGGRESSIVE;
				CLANG_WARN_UNREACHABLE_CODE = YES;
				CLANG_WARN__DUPLICATE_METHOD_MATCH = YES;
				COPY_PHASE_STRIP = NO;
				DEBUG_INFORMATION_FORMAT = "dwarf-with-dsym";
				ENABLE_NS_ASSERTIONS = NO;
				ENABLE_STRICT_OBJC_MSGSEND = YES;
				GCC_C_LANGUAGE_STANDARD = gnu11;
				GCC_NO_COMMON_BLOCKS = YES;
				GCC_WARN_64_TO_32_BIT_CONVERSION = YES;
				GCC_WARN_ABOUT_RETURN_TYPE = YES_ERROR;
				GCC_WARN_UNDECLARED_SELECTOR = YES;
				GCC_WARN_UNINITIALIZED_AUTOS = YES_AGGRESSIVE;
				GCC_WARN_UNUSED_FUNCTION = YES;
				GCC_WARN_UNUSED_VARIABLE = YES;
				IPHONEOS_DEPLOYMENT_TARGET = 15.5;
				MTL_ENABLE_DEBUG_INFO = NO;
				MTL_FAST_MATH = YES;
				SDKROOT = iphoneos;
				SWIFT_COMPILATION_MODE = wholemodule;
				SWIFT_OPTIMIZATION_LEVEL = "-O";
				VALIDATE_PRODUCT = YES;
			};
			name = Release;
		};
		6F24EE2628C302540018E59B /* Debug */ = {
			isa = XCBuildConfiguration;
			buildSettings = {
				ASSETCATALOG_COMPILER_APPICON_NAME = AppIcon;
				ASSETCATALOG_COMPILER_GLOBAL_ACCENT_COLOR_NAME = AccentColor;
				CODE_SIGN_STYLE = Automatic;
				CURRENT_PROJECT_VERSION = 1;
				DEVELOPMENT_ASSET_PATHS = "\"CarbonVisualizer/Preview Content\"";
				DEVELOPMENT_TEAM = M4DH5GPT3W;
				ENABLE_PREVIEWS = YES;
				GENERATE_INFOPLIST_FILE = YES;
				INFOPLIST_KEY_NSCameraUsageDescription = "";
				INFOPLIST_KEY_UIApplicationSupportsIndirectInputEvents = YES;
				INFOPLIST_KEY_UILaunchScreen_Generation = YES;
				INFOPLIST_KEY_UIRequiredDeviceCapabilities = arkit;
				INFOPLIST_KEY_UIStatusBarHidden = YES;
				INFOPLIST_KEY_UISupportedInterfaceOrientations_iPad = "UIInterfaceOrientationPortrait UIInterfaceOrientationPortraitUpsideDown UIInterfaceOrientationLandscapeLeft UIInterfaceOrientationLandscapeRight";
				INFOPLIST_KEY_UISupportedInterfaceOrientations_iPhone = "UIInterfaceOrientationPortrait UIInterfaceOrientationLandscapeLeft UIInterfaceOrientationLandscapeRight";
				LD_RUNPATH_SEARCH_PATHS = (
					"$(inherited)",
					"@executable_path/Frameworks",
				);
				MARKETING_VERSION = 1.0;
				PRODUCT_BUNDLE_IDENTIFIER = com.sebastianyang.CarbonVisualizer;
				PRODUCT_NAME = "$(TARGET_NAME)";
				SWIFT_EMIT_LOC_STRINGS = YES;
				SWIFT_VERSION = 5.0;
				TARGETED_DEVICE_FAMILY = "1,2";
			};
			name = Debug;
		};
		6F24EE2728C302540018E59B /* Release */ = {
			isa = XCBuildConfiguration;
			buildSettings = {
				ASSETCATALOG_COMPILER_APPICON_NAME = AppIcon;
				ASSETCATALOG_COMPILER_GLOBAL_ACCENT_COLOR_NAME = AccentColor;
				CODE_SIGN_STYLE = Automatic;
				CURRENT_PROJECT_VERSION = 1;
				DEVELOPMENT_ASSET_PATHS = "\"CarbonVisualizer/Preview Content\"";
				DEVELOPMENT_TEAM = M4DH5GPT3W;
				ENABLE_PREVIEWS = YES;
				GENERATE_INFOPLIST_FILE = YES;
				INFOPLIST_KEY_NSCameraUsageDescription = "";
				INFOPLIST_KEY_UIApplicationSupportsIndirectInputEvents = YES;
				INFOPLIST_KEY_UILaunchScreen_Generation = YES;
				INFOPLIST_KEY_UIRequiredDeviceCapabilities = arkit;
				INFOPLIST_KEY_UIStatusBarHidden = YES;
				INFOPLIST_KEY_UISupportedInterfaceOrientations_iPad = "UIInterfaceOrientationPortrait UIInterfaceOrientationPortraitUpsideDown UIInterfaceOrientationLandscapeLeft UIInterfaceOrientationLandscapeRight";
				INFOPLIST_KEY_UISupportedInterfaceOrientations_iPhone = "UIInterfaceOrientationPortrait UIInterfaceOrientationLandscapeLeft UIInterfaceOrientationLandscapeRight";
				LD_RUNPATH_SEARCH_PATHS = (
					"$(inherited)",
					"@executable_path/Frameworks",
				);
				MARKETING_VERSION = 1.0;
				PRODUCT_BUNDLE_IDENTIFIER = com.sebastianyang.CarbonVisualizer;
				PRODUCT_NAME = "$(TARGET_NAME)";
				SWIFT_EMIT_LOC_STRINGS = YES;
				SWIFT_VERSION = 5.0;
				TARGETED_DEVICE_FAMILY = "1,2";
			};
			name = Release;
		};
/* End XCBuildConfiguration section */

/* Begin XCConfigurationList section */
		6F24EE1028C3024C0018E59B /* Build configuration list for PBXProject "CarbonVisualizer" */ = {
			isa = XCConfigurationList;
			buildConfigurations = (
				6F24EE2328C302540018E59B /* Debug */,
				6F24EE2428C302540018E59B /* Release */,
			);
			defaultConfigurationIsVisible = 0;
			defaultConfigurationName = Release;
		};
		6F24EE2528C302540018E59B /* Build configuration list for PBXNativeTarget "CarbonVisualizer" */ = {
			isa = XCConfigurationList;
			buildConfigurations = (
				6F24EE2628C302540018E59B /* Debug */,
				6F24EE2728C302540018E59B /* Release */,
			);
			defaultConfigurationIsVisible = 0;
			defaultConfigurationName = Release;
		};
/* End XCConfigurationList section */

/* Begin XCRemoteSwiftPackageReference section */
		6FC83AF028C3C89E00ACCC8A /* XCRemoteSwiftPackageReference "FocusEntity" */ = {
			isa = XCRemoteSwiftPackageReference;
			repositoryURL = "https://github.com/maxxfrazer/FocusEntity";
			requirement = {
				kind = upToNextMajorVersion;
				minimumVersion = 2.0.0;
			};
		};
/* End XCRemoteSwiftPackageReference section */

/* Begin XCSwiftPackageProductDependency section */
		6FC83AF128C3C89E00ACCC8A /* FocusEntity */ = {
			isa = XCSwiftPackageProductDependency;
			package = 6FC83AF028C3C89E00ACCC8A /* XCRemoteSwiftPackageReference "FocusEntity" */;
			productName = FocusEntity;
		};
/* End XCSwiftPackageProductDependency section */
	};
	rootObject = 6F24EE0D28C3024B0018E59B /* Project object */;
}
